
Microsoft Visual Studio Solution File, Format Version 12.00
Project("{FAE04EC0-301F-11D3-BF4B-00C04F79EFBC}") = "Deposito.API", "Deposito.API\Deposito.API.csproj", "{73468020-61AE-4A1A-B954-454D9812B9CB}"
	ProjectSection(ProjectDependencies) = postProject
		{E526E91F-F355-478E-9579-FFC8CAD05DB3} = {E526E91F-F355-478E-9579-FFC8CAD05DB3}
		{81489609-1496-4009-83DE-72E70A50A8DE} = {81489609-1496-4009-83DE-72E70A50A8DE}
	EndProjectSection
EndProject
Project("{FAE04EC0-301F-11D3-BF4B-00C04F79EFBC}") = "Deposito.BLL", "Deposito.BLL\Deposito.BLL.csproj", "{E526E91F-F355-478E-9579-FFC8CAD05DB3}"
EndProject
Project("{FAE04EC0-301F-11D3-BF4B-00C04F79EFBC}") = "Deposito.DAL", "Deposito.DAL\Deposito.DAL.csproj", "{81489609-1496-4009-83DE-72E70A50A8DE}"
EndProject
Global
	GlobalSection(SolutionConfigurationPlatforms) = preSolution
		Debug|Any CPU = Debug|Any CPU
		Release|Any CPU = Release|Any CPU
	EndGlobalSection
	GlobalSection(ProjectConfigurationPlatforms) = postSolution
		{73468020-61AE-4A1A-B954-454D9812B9CB}.Debug|Any CPU.ActiveCfg = Debug|Any CPU
		{73468020-61AE-4A1A-B954-454D9812B9CB}.Debug|Any CPU.Build.0 = Debug|Any CPU
		{73468020-61AE-4A1A-B954-454D9812B9CB}.Release|Any CPU.ActiveCfg = Release|Any CPU
		{73468020-61AE-4A1A-B954-454D9812B9CB}.Release|Any CPU.Build.0 = Release|Any CPU
		{E526E91F-F355-478E-9579-FFC8CAD05DB3}.Debug|Any CPU.ActiveCfg = Debug|Any CPU
		{E526E91F-F355-478E-9579-FFC8CAD05DB3}.Debug|Any CPU.Build.0 = Debug|Any CPU
		{E526E91F-F355-478E-9579-FFC8CAD05DB3}.Release|Any CPU.ActiveCfg = Release|Any CPU
		{E526E91F-F355-478E-9579-FFC8CAD05DB3}.Release|Any CPU.Build.0 = Release|Any CPU
		{81489609-1496-4009-83DE-72E70A50A8DE}.Debug|Any CPU.ActiveCfg = Debug|Any CPU
		{81489609-1496-4009-83DE-72E70A50A8DE}.Debug|Any CPU.Build.0 = Debug|Any CPU
		{81489609-1496-4009-83DE-72E70A50A8DE}.Release|Any CPU.ActiveCfg = Release|Any CPU
		{81489609-1496-4009-83DE-72E70A50A8DE}.Release|Any CPU.Build.0 = Release|Any CPU
	EndGlobalSection
EndGlobal
